
Microsoft Visual Studio Solution File, Format Version 12.00
# Visual Studio Version 17
VisualStudioVersion = 17.11.35327.3
MinimumVisualStudioVersion = 10.0.40219.1
Project("{FAE04EC0-301F-11D3-BF4B-00C04F79EFBC}") = "FernandaRentals", "FernandaRentals\FernandaRentals.csproj", "{6672F7CA-501C-4F0A-9DC1-22B6F502DF2E}"
EndProject
Global
	GlobalSection(SolutionConfigurationPlatforms) = preSolution
		Debug|Any CPU = Debug|Any CPU
		Release|Any CPU = Release|Any CPU
	EndGlobalSection
	GlobalSection(ProjectConfigurationPlatforms) = postSolution
		{6672F7CA-501C-4F0A-9DC1-22B6F502DF2E}.Debug|Any CPU.ActiveCfg = Debug|Any CPU
		{6672F7CA-501C-4F0A-9DC1-22B6F502DF2E}.Debug|Any CPU.Build.0 = Debug|Any CPU
		{6672F7CA-501C-4F0A-9DC1-22B6F502DF2E}.Release|Any CPU.ActiveCfg = Release|Any CPU
		{6672F7CA-501C-4F0A-9DC1-22B6F502DF2E}.Release|Any CPU.Build.0 = Release|Any CPU
	EndGlobalSection
	GlobalSection(SolutionProperties) = preSolution
		HideSolutionNode = FALSE
	EndGlobalSection
	GlobalSection(ExtensibilityGlobals) = postSolution
		SolutionGuid = {116EE48C-9242-4DA4-9611-4A6BC498D822}
	EndGlobalSection
EndGlobal
